
Microsoft Visual Studio Solution File, Format Version 12.00
# Visual Studio Version 16
VisualStudioVersion = 16.0.29209.62
MinimumVisualStudioVersion = 10.0.40219.1
Project("{FAE04EC0-301F-11D3-BF4B-00C04F79EFBC}") = "Feature1", "Feature1\Feature1.csproj", "{F6BBDBED-2671-4BC8-AD4B-93DC5E3E710D}"
EndProject
Global
	GlobalSection(SolutionConfigurationPlatforms) = preSolution
		Debug|Any CPU = Debug|Any CPU
		Release|Any CPU = Release|Any CPU
	EndGlobalSection
	GlobalSection(ProjectConfigurationPlatforms) = postSolution
		{F6BBDBED-2671-4BC8-AD4B-93DC5E3E710D}.Debug|Any CPU.ActiveCfg = Debug|Any CPU
		{F6BBDBED-2671-4BC8-AD4B-93DC5E3E710D}.Debug|Any CPU.Build.0 = Debug|Any CPU
		{F6BBDBED-2671-4BC8-AD4B-93DC5E3E710D}.Release|Any CPU.ActiveCfg = Release|Any CPU
		{F6BBDBED-2671-4BC8-AD4B-93DC5E3E710D}.Release|Any CPU.Build.0 = Release|Any CPU
	EndGlobalSection
	GlobalSection(SolutionProperties) = preSolution
		HideSolutionNode = FALSE
	EndGlobalSection
	GlobalSection(ExtensibilityGlobals) = postSolution
		SolutionGuid = {38F9DC3F-D8C4-4963-97AC-3E96A5F7C62A}
	EndGlobalSection
EndGlobal
